
Microsoft Visual Studio Solution File, Format Version 12.00
# Visual Studio 15
VisualStudioVersion = 15.0.26228.9
MinimumVisualStudioVersion = 10.0.40219.1
Project("{FAE04EC0-301F-11D3-BF4B-00C04F79EFBC}") = "WebApplication1", "WebApplication1\WebApplication1.csproj", "{5D256295-8818-43E3-B9BE-BD0A3724378F}"
EndProject
Project("{FAE04EC0-301F-11D3-BF4B-00C04F79EFBC}") = "WebApplication1.NTest", "WebApplication1.NTest\WebApplication1.NTest.csproj", "{A9E8E7B0-AF6E-4854-AE98-67A39DE87DB8}"
EndProject
Global
	GlobalSection(SolutionConfigurationPlatforms) = preSolution
		Debug|Any CPU = Debug|Any CPU
		Devlopment|Any CPU = Devlopment|Any CPU
		Release|Any CPU = Release|Any CPU
	EndGlobalSection
	GlobalSection(ProjectConfigurationPlatforms) = postSolution
		{5D256295-8818-43E3-B9BE-BD0A3724378F}.Debug|Any CPU.ActiveCfg = Debug|Any CPU
		{5D256295-8818-43E3-B9BE-BD0A3724378F}.Debug|Any CPU.Build.0 = Debug|Any CPU
		{5D256295-8818-43E3-B9BE-BD0A3724378F}.Devlopment|Any CPU.ActiveCfg = Devlopment|Any CPU
		{5D256295-8818-43E3-B9BE-BD0A3724378F}.Devlopment|Any CPU.Build.0 = Devlopment|Any CPU
		{5D256295-8818-43E3-B9BE-BD0A3724378F}.Release|Any CPU.ActiveCfg = Release|Any CPU
		{5D256295-8818-43E3-B9BE-BD0A3724378F}.Release|Any CPU.Build.0 = Release|Any CPU
		{A9E8E7B0-AF6E-4854-AE98-67A39DE87DB8}.Debug|Any CPU.ActiveCfg = Debug|Any CPU
		{A9E8E7B0-AF6E-4854-AE98-67A39DE87DB8}.Debug|Any CPU.Build.0 = Debug|Any CPU
		{A9E8E7B0-AF6E-4854-AE98-67A39DE87DB8}.Devlopment|Any CPU.ActiveCfg = Devlopment|Any CPU
		{A9E8E7B0-AF6E-4854-AE98-67A39DE87DB8}.Devlopment|Any CPU.Build.0 = Devlopment|Any CPU
		{A9E8E7B0-AF6E-4854-AE98-67A39DE87DB8}.Release|Any CPU.ActiveCfg = Release|Any CPU
		{A9E8E7B0-AF6E-4854-AE98-67A39DE87DB8}.Release|Any CPU.Build.0 = Release|Any CPU
	EndGlobalSection
	GlobalSection(SolutionProperties) = preSolution
		HideSolutionNode = FALSE
	EndGlobalSection
EndGlobal
